
Microsoft Visual Studio Solution File, Format Version 12.00
# Visual Studio 15
VisualStudioVersion = 15.0.28307.329
MinimumVisualStudioVersion = 10.0.40219.1
Project("{FAE04EC0-301F-11D3-BF4B-00C04F79EFBC}") = "Montesino fakture", "Montesino fakture\Montesino fakture.csproj", "{BF5B2A06-0F3E-4570-96D1-FC1241963F7E}"
EndProject
Global
	GlobalSection(SolutionConfigurationPlatforms) = preSolution
		Debug|Any CPU = Debug|Any CPU
		Release|Any CPU = Release|Any CPU
	EndGlobalSection
	GlobalSection(ProjectConfigurationPlatforms) = postSolution
		{BF5B2A06-0F3E-4570-96D1-FC1241963F7E}.Debug|Any CPU.ActiveCfg = Debug|Any CPU
		{BF5B2A06-0F3E-4570-96D1-FC1241963F7E}.Debug|Any CPU.Build.0 = Debug|Any CPU
		{BF5B2A06-0F3E-4570-96D1-FC1241963F7E}.Release|Any CPU.ActiveCfg = Release|Any CPU
		{BF5B2A06-0F3E-4570-96D1-FC1241963F7E}.Release|Any CPU.Build.0 = Release|Any CPU
	EndGlobalSection
	GlobalSection(SolutionProperties) = preSolution
		HideSolutionNode = FALSE
	EndGlobalSection
	GlobalSection(ExtensibilityGlobals) = postSolution
		SolutionGuid = {253B7028-BAB3-48C1-948D-89868A5501ED}
	EndGlobalSection
EndGlobal
